
Microsoft Visual Studio Solution File, Format Version 12.00
# Visual Studio Version 17
VisualStudioVersion = 17.5.33516.290
MinimumVisualStudioVersion = 10.0.40219.1
Project("{FAE04EC0-301F-11D3-BF4B-00C04F79EFBC}") = "VVVVVV", "VVVVVV\VVVVVV.csproj", "{8DE20794-7531-4197-B468-77D6522607EA}"
EndProject
Global
	GlobalSection(SolutionConfigurationPlatforms) = preSolution
		Debug|Any CPU = Debug|Any CPU
		Release|Any CPU = Release|Any CPU
	EndGlobalSection
	GlobalSection(ProjectConfigurationPlatforms) = postSolution
		{8DE20794-7531-4197-B468-77D6522607EA}.Debug|Any CPU.ActiveCfg = Debug|Any CPU
		{8DE20794-7531-4197-B468-77D6522607EA}.Debug|Any CPU.Build.0 = Debug|Any CPU
		{8DE20794-7531-4197-B468-77D6522607EA}.Release|Any CPU.ActiveCfg = Release|Any CPU
		{8DE20794-7531-4197-B468-77D6522607EA}.Release|Any CPU.Build.0 = Release|Any CPU
	EndGlobalSection
	GlobalSection(SolutionProperties) = preSolution
		HideSolutionNode = FALSE
	EndGlobalSection
	GlobalSection(ExtensibilityGlobals) = postSolution
		SolutionGuid = {048ECD60-B24B-4FB6-974B-B4A50FE29DD5}
	EndGlobalSection
EndGlobal
